<?xml version="1.0" encoding="utf-8"?>
<Project ToolsVersion="4.0" xmlns="http://schemas.microsoft.com/developer/msbuild/2003">
  <ItemGroup>
    <ClCompile Include="..\src\main.cpp" />
    <ClCompile Include="..\src\messaging\message_dispatcher.cpp">
      <Filter>messaging</Filter>
    </ClCompile>
  </ItemGroup>
  <ItemGroup>
    <Filter Include="systems">
      <UniqueIdentifier>{e53d3701-50d8-4600-af01-bc91411c0104}</UniqueIdentifier>
    </Filter>
    <Filter Include="commands">
      <UniqueIdentifier>{e47e2b6d-5e9c-44ca-af9f-a4646779192a}</UniqueIdentifier>
    </Filter>
    <Filter Include="messaging">
      <UniqueIdentifier>{358b330b-85f3-4231-be43-d887deb6590e}</UniqueIdentifier>
    </Filter>
    <Filter Include="utilities">
      <UniqueIdentifier>{82e1e779-be59-4c5b-b4ec-4680d25b2d2b}</UniqueIdentifier>
    </Filter>
  </ItemGroup>
  <ItemGroup>
    <ClInclude Include="..\include\messaging\message_listener.h">
      <Filter>messaging</Filter>
    </ClInclude>
    <ClInclude Include="..\include\messaging\message.h">
      <Filter>messaging</Filter>
    </ClInclude>
    <ClInclude Include="..\include\utilities\autokey_cypher.h">
      <Filter>utilities</Filter>
    </ClInclude>
    <ClInclude Include="..\include\messaging\message_dispatcher.h">
      <Filter>messaging</Filter>
    </ClInclude>
    <ClInclude Include="..\include\messaging\message_types.h">
      <Filter>messaging</Filter>
    </ClInclude>
    <ClInclude Include="..\include\systems\console_input.h">
      <Filter>systems</Filter>
    </ClInclude>
    <ClInclude Include="..\include\systems\system.h">
      <Filter>systems</Filter>
    </ClInclude>
    <ClInclude Include="..\include\systems\bravia_control.h">
      <Filter>systems</Filter>
    </ClInclude>
    <ClInclude Include="..\include\messaging\set_volume_request.h">
      <Filter>messaging</Filter>
    </ClInclude>
  </ItemGroup>
</Project>